
Microsoft Visual Studio Solution File, Format Version 12.00
# Visual Studio 2013
VisualStudioVersion = 12.0.31101.0
MinimumVisualStudioVersion = 10.0.40219.1
Project("{FAE04EC0-301F-11D3-BF4B-00C04F79EFBC}") = "JobRunner", "JobRunner\JobRunner.csproj", "{BFE5E7F2-F469-4F2C-993C-BB132484E264}"
EndProject
Global
	GlobalSection(SolutionConfigurationPlatforms) = preSolution
		Debug|Any CPU = Debug|Any CPU
		Release|Any CPU = Release|Any CPU
	EndGlobalSection
	GlobalSection(ProjectConfigurationPlatforms) = postSolution
		{BFE5E7F2-F469-4F2C-993C-BB132484E264}.Debug|Any CPU.ActiveCfg = Debug|Any CPU
		{BFE5E7F2-F469-4F2C-993C-BB132484E264}.Debug|Any CPU.Build.0 = Debug|Any CPU
		{BFE5E7F2-F469-4F2C-993C-BB132484E264}.Release|Any CPU.ActiveCfg = Release|Any CPU
		{BFE5E7F2-F469-4F2C-993C-BB132484E264}.Release|Any CPU.Build.0 = Release|Any CPU
	EndGlobalSection
	GlobalSection(SolutionProperties) = preSolution
		HideSolutionNode = FALSE
	EndGlobalSection
EndGlobal
