
Microsoft Visual Studio Solution File, Format Version 12.00
# Visual Studio 14
VisualStudioVersion = 14.0.24720.0
MinimumVisualStudioVersion = 10.0.40219.1
Project("{8BC9CEB8-8B4A-11D0-8D11-00A0C91BC942}") = "testing", "testing\testing.vcxproj", "{B308D73C-BAA9-48E3-98F5-70490F30FC32}"
EndProject
Project("{8BC9CEB8-8B4A-11D0-8D11-00A0C91BC942}") = "unit_tests", "unit_tests\unit_tests.vcxproj", "{8DF1C967-EEE3-4207-ACAE-078505D31FDB}"
EndProject
Project("{FAE04EC0-301F-11D3-BF4B-00C04F79EFBC}") = "design", "design\design.csproj", "{1CB77280-5565-45B4-B7DF-5FC37DD5EB1A}"
EndProject
Global
	GlobalSection(SolutionConfigurationPlatforms) = preSolution
		Debug|Any CPU = Debug|Any CPU
		Debug|x64 = Debug|x64
		Debug|x86 = Debug|x86
		Release|Any CPU = Release|Any CPU
		Release|x64 = Release|x64
		Release|x86 = Release|x86
	EndGlobalSection
	GlobalSection(ProjectConfigurationPlatforms) = postSolution
		{B308D73C-BAA9-48E3-98F5-70490F30FC32}.Debug|Any CPU.ActiveCfg = Debug|Win32
		{B308D73C-BAA9-48E3-98F5-70490F30FC32}.Debug|x64.ActiveCfg = Debug|x64
		{B308D73C-BAA9-48E3-98F5-70490F30FC32}.Debug|x64.Build.0 = Debug|x64
		{B308D73C-BAA9-48E3-98F5-70490F30FC32}.Debug|x86.ActiveCfg = Debug|Win32
		{B308D73C-BAA9-48E3-98F5-70490F30FC32}.Debug|x86.Build.0 = Debug|Win32
		{B308D73C-BAA9-48E3-98F5-70490F30FC32}.Release|Any CPU.ActiveCfg = Release|Win32
		{B308D73C-BAA9-48E3-98F5-70490F30FC32}.Release|x64.ActiveCfg = Release|x64
		{B308D73C-BAA9-48E3-98F5-70490F30FC32}.Release|x64.Build.0 = Release|x64
		{B308D73C-BAA9-48E3-98F5-70490F30FC32}.Release|x86.ActiveCfg = Release|Win32
		{B308D73C-BAA9-48E3-98F5-70490F30FC32}.Release|x86.Build.0 = Release|Win32
		{8DF1C967-EEE3-4207-ACAE-078505D31FDB}.Debug|Any CPU.ActiveCfg = Debug|Win32
		{8DF1C967-EEE3-4207-ACAE-078505D31FDB}.Debug|x64.ActiveCfg = Debug|x64
		{8DF1C967-EEE3-4207-ACAE-078505D31FDB}.Debug|x64.Build.0 = Debug|x64
		{8DF1C967-EEE3-4207-ACAE-078505D31FDB}.Debug|x86.ActiveCfg = Debug|Win32
		{8DF1C967-EEE3-4207-ACAE-078505D31FDB}.Debug|x86.Build.0 = Debug|Win32
		{8DF1C967-EEE3-4207-ACAE-078505D31FDB}.Release|Any CPU.ActiveCfg = Release|Win32
		{8DF1C967-EEE3-4207-ACAE-078505D31FDB}.Release|x64.ActiveCfg = Release|x64
		{8DF1C967-EEE3-4207-ACAE-078505D31FDB}.Release|x64.Build.0 = Release|x64
		{8DF1C967-EEE3-4207-ACAE-078505D31FDB}.Release|x86.ActiveCfg = Release|Win32
		{8DF1C967-EEE3-4207-ACAE-078505D31FDB}.Release|x86.Build.0 = Release|Win32
		{1CB77280-5565-45B4-B7DF-5FC37DD5EB1A}.Debug|Any CPU.ActiveCfg = Debug|Any CPU
		{1CB77280-5565-45B4-B7DF-5FC37DD5EB1A}.Debug|Any CPU.Build.0 = Debug|Any CPU
		{1CB77280-5565-45B4-B7DF-5FC37DD5EB1A}.Debug|x64.ActiveCfg = Debug|Any CPU
		{1CB77280-5565-45B4-B7DF-5FC37DD5EB1A}.Debug|x64.Build.0 = Debug|Any CPU
		{1CB77280-5565-45B4-B7DF-5FC37DD5EB1A}.Debug|x86.ActiveCfg = Debug|Any CPU
		{1CB77280-5565-45B4-B7DF-5FC37DD5EB1A}.Debug|x86.Build.0 = Debug|Any CPU
		{1CB77280-5565-45B4-B7DF-5FC37DD5EB1A}.Release|Any CPU.ActiveCfg = Release|Any CPU
		{1CB77280-5565-45B4-B7DF-5FC37DD5EB1A}.Release|Any CPU.Build.0 = Release|Any CPU
		{1CB77280-5565-45B4-B7DF-5FC37DD5EB1A}.Release|x64.ActiveCfg = Release|Any CPU
		{1CB77280-5565-45B4-B7DF-5FC37DD5EB1A}.Release|x64.Build.0 = Release|Any CPU
		{1CB77280-5565-45B4-B7DF-5FC37DD5EB1A}.Release|x86.ActiveCfg = Release|Any CPU
		{1CB77280-5565-45B4-B7DF-5FC37DD5EB1A}.Release|x86.Build.0 = Release|Any CPU
	EndGlobalSection
	GlobalSection(SolutionProperties) = preSolution
		HideSolutionNode = FALSE
	EndGlobalSection
EndGlobal
